
Microsoft Visual Studio Solution File, Format Version 12.00
# Visual Studio Version 17
VisualStudioVersion = 17.1.32421.90
MinimumVisualStudioVersion = 10.0.40219.1
Project("{FAE04EC0-301F-11D3-BF4B-00C04F79EFBC}") = "Lossless Audio Research and Preservation Facility", "Lossless Audio Research and Preservation Facility\Lossless Audio Research and Preservation Facility.csproj", "{30042A3A-CCA0-49D0-A7D2-2078B952D9D8}"
EndProject
Global
	GlobalSection(SolutionConfigurationPlatforms) = preSolution
		Debug|Any CPU = Debug|Any CPU
		Release|Any CPU = Release|Any CPU
	EndGlobalSection
	GlobalSection(ProjectConfigurationPlatforms) = postSolution
		{30042A3A-CCA0-49D0-A7D2-2078B952D9D8}.Debug|Any CPU.ActiveCfg = Debug|Any CPU
		{30042A3A-CCA0-49D0-A7D2-2078B952D9D8}.Debug|Any CPU.Build.0 = Debug|Any CPU
		{30042A3A-CCA0-49D0-A7D2-2078B952D9D8}.Release|Any CPU.ActiveCfg = Release|Any CPU
		{30042A3A-CCA0-49D0-A7D2-2078B952D9D8}.Release|Any CPU.Build.0 = Release|Any CPU
	EndGlobalSection
	GlobalSection(SolutionProperties) = preSolution
		HideSolutionNode = FALSE
	EndGlobalSection
	GlobalSection(ExtensibilityGlobals) = postSolution
		SolutionGuid = {2C24AA85-406F-43ED-AAF0-18C3D09B5B5A}
	EndGlobalSection
EndGlobal
